
Microsoft Visual Studio Solution File, Format Version 12.00
# Visual Studio Version 17
VisualStudioVersion = 17.6.33829.357
MinimumVisualStudioVersion = 10.0.40219.1
Project("{2150E333-8FDC-42A3-9474-1A3956D46DE8}") = "Host", "Host", "{5542EDA1-AF4A-41B8-920B-F39083C37DCB}"
EndProject
Project("{2150E333-8FDC-42A3-9474-1A3956D46DE8}") = "Infrastructure", "Infrastructure", "{B606814E-EE0D-48CD-8737-CA2CFEAB40FD}"
EndProject
Project("{2150E333-8FDC-42A3-9474-1A3956D46DE8}") = "Models", "Models", "{A4341F8D-7FF1-4618-A14E-19C4ACD23207}"
EndProject
Project("{9A19103F-16F7-4668-BE54-9A1E7A4F7556}") = "Template.API", "Host\Template.API\Template.API.csproj", "{EC6EE7B7-A428-4A5C-BE4F-B3A21DEA7F11}"
EndProject
Project("{2150E333-8FDC-42A3-9474-1A3956D46DE8}") = "TemplateAPIInfrastructure", "TemplateAPIInfrastructure", "{CF6EA65B-BD23-48A5-A77C-15CE3D9463BB}"
EndProject
Project("{2150E333-8FDC-42A3-9474-1A3956D46DE8}") = "TemplateAPIDomainModel", "TemplateAPIDomainModel", "{224D95AE-530E-45DE-948F-F862980E5202}"
EndProject
Project("{9A19103F-16F7-4668-BE54-9A1E7A4F7556}") = "TemplateAPIDomainModel", "Models\TemplateAPIDomainModel\TemplateAPIDomainModel\TemplateAPIDomainModel.csproj", "{690DFD76-AEF9-4140-8752-F7E3A3C66F0E}"
EndProject
Project("{9A19103F-16F7-4668-BE54-9A1E7A4F7556}") = "TemplateAPIDataAccess", "Infrastructure\TemplateAPIInfrastructure\TemplateAPIDataAccess\TemplateAPIDataAccess.csproj", "{D503A6CD-03FF-41C2-A2B9-D7881BA2691D}"
EndProject
Project("{2150E333-8FDC-42A3-9474-1A3956D46DE8}") = "CommonModels", "CommonModels", "{A5FED3D4-3A84-4BCC-9054-0C7B812DFF9A}"
EndProject
Project("{9A19103F-16F7-4668-BE54-9A1E7A4F7556}") = "RepoResult", "Models\CommonModels\RepoResult\RepoResult.csproj", "{2A35067B-8A4B-49BD-AB29-952997B6FD69}"
EndProject
Project("{9A19103F-16F7-4668-BE54-9A1E7A4F7556}") = "TemplateAPIServices", "Infrastructure\TemplateAPIServices\TemplateAPIServices.csproj", "{24C598A5-B614-4C02-81B7-838A78310496}"
EndProject
Project("{2150E333-8FDC-42A3-9474-1A3956D46DE8}") = "DTOS", "DTOS", "{7BE27A7B-55E0-48A0-BE86-37A31503F97D}"
EndProject
Project("{9A19103F-16F7-4668-BE54-9A1E7A4F7556}") = "CustomExceptions", "Models\CommonModels\CustomExceptions\CustomExceptions.csproj", "{948C8370-A1BE-415E-89EB-DACF717E117D}"
EndProject
Project("{9A19103F-16F7-4668-BE54-9A1E7A4F7556}") = "CommonUtilities", "Models\CommonModels\CommonUtilities\CommonUtilities.csproj", "{1FF3782C-A00F-4A6F-A9DF-E06D136EBB29}"
EndProject
Project("{9A19103F-16F7-4668-BE54-9A1E7A4F7556}") = "TemplateRequestModel", "Models\DTOs\TemplateRequestModel\TemplateRequestModel.csproj", "{D9F94B3F-4E06-4755-A96A-105D73D93CE4}"
EndProject
Project("{9A19103F-16F7-4668-BE54-9A1E7A4F7556}") = "TemplateResponseModel", "Models\DTOs\TemplateResponseModel\TemplateResponseModel.csproj", "{4685A263-0C8B-46FA-AFA1-F571064EA01A}"
EndProject
Project("{2150E333-8FDC-42A3-9474-1A3956D46DE8}") = "Utilities", "Utilities", "{6F0AD75E-E30B-40A3-922F-8383F3356FCF}"
EndProject
Project("{FAE04EC0-301F-11D3-BF4B-00C04F79EFBC}") = "Auth", "Utilities\Auth\Auth.csproj", "{8CC1C14B-6C42-42D3-BFCE-E15D23D65378}"
EndProject
Project("{FAE04EC0-301F-11D3-BF4B-00C04F79EFBC}") = "SwaggerConfiguration", "Utilities\SwaggerConfiguration\SwaggerConfiguration.csproj", "{6A534C34-1666-42D0-8A9E-938D60CB6499}"
EndProject
Global
	GlobalSection(SolutionConfigurationPlatforms) = preSolution
		Debug|Any CPU = Debug|Any CPU
		Release|Any CPU = Release|Any CPU
	EndGlobalSection
	GlobalSection(ProjectConfigurationPlatforms) = postSolution
		{EC6EE7B7-A428-4A5C-BE4F-B3A21DEA7F11}.Debug|Any CPU.ActiveCfg = Debug|Any CPU
		{EC6EE7B7-A428-4A5C-BE4F-B3A21DEA7F11}.Debug|Any CPU.Build.0 = Debug|Any CPU
		{EC6EE7B7-A428-4A5C-BE4F-B3A21DEA7F11}.Release|Any CPU.ActiveCfg = Release|Any CPU
		{EC6EE7B7-A428-4A5C-BE4F-B3A21DEA7F11}.Release|Any CPU.Build.0 = Release|Any CPU
		{690DFD76-AEF9-4140-8752-F7E3A3C66F0E}.Debug|Any CPU.ActiveCfg = Debug|Any CPU
		{690DFD76-AEF9-4140-8752-F7E3A3C66F0E}.Debug|Any CPU.Build.0 = Debug|Any CPU
		{690DFD76-AEF9-4140-8752-F7E3A3C66F0E}.Release|Any CPU.ActiveCfg = Release|Any CPU
		{690DFD76-AEF9-4140-8752-F7E3A3C66F0E}.Release|Any CPU.Build.0 = Release|Any CPU
		{D503A6CD-03FF-41C2-A2B9-D7881BA2691D}.Debug|Any CPU.ActiveCfg = Debug|Any CPU
		{D503A6CD-03FF-41C2-A2B9-D7881BA2691D}.Debug|Any CPU.Build.0 = Debug|Any CPU
		{D503A6CD-03FF-41C2-A2B9-D7881BA2691D}.Release|Any CPU.ActiveCfg = Release|Any CPU
		{D503A6CD-03FF-41C2-A2B9-D7881BA2691D}.Release|Any CPU.Build.0 = Release|Any CPU
		{2A35067B-8A4B-49BD-AB29-952997B6FD69}.Debug|Any CPU.ActiveCfg = Debug|Any CPU
		{2A35067B-8A4B-49BD-AB29-952997B6FD69}.Debug|Any CPU.Build.0 = Debug|Any CPU
		{2A35067B-8A4B-49BD-AB29-952997B6FD69}.Release|Any CPU.ActiveCfg = Release|Any CPU
		{2A35067B-8A4B-49BD-AB29-952997B6FD69}.Release|Any CPU.Build.0 = Release|Any CPU
		{24C598A5-B614-4C02-81B7-838A78310496}.Debug|Any CPU.ActiveCfg = Debug|Any CPU
		{24C598A5-B614-4C02-81B7-838A78310496}.Debug|Any CPU.Build.0 = Debug|Any CPU
		{24C598A5-B614-4C02-81B7-838A78310496}.Release|Any CPU.ActiveCfg = Release|Any CPU
		{24C598A5-B614-4C02-81B7-838A78310496}.Release|Any CPU.Build.0 = Release|Any CPU
		{948C8370-A1BE-415E-89EB-DACF717E117D}.Debug|Any CPU.ActiveCfg = Debug|Any CPU
		{948C8370-A1BE-415E-89EB-DACF717E117D}.Debug|Any CPU.Build.0 = Debug|Any CPU
		{948C8370-A1BE-415E-89EB-DACF717E117D}.Release|Any CPU.ActiveCfg = Release|Any CPU
		{948C8370-A1BE-415E-89EB-DACF717E117D}.Release|Any CPU.Build.0 = Release|Any CPU
		{1FF3782C-A00F-4A6F-A9DF-E06D136EBB29}.Debug|Any CPU.ActiveCfg = Debug|Any CPU
		{1FF3782C-A00F-4A6F-A9DF-E06D136EBB29}.Debug|Any CPU.Build.0 = Debug|Any CPU
		{1FF3782C-A00F-4A6F-A9DF-E06D136EBB29}.Release|Any CPU.ActiveCfg = Release|Any CPU
		{1FF3782C-A00F-4A6F-A9DF-E06D136EBB29}.Release|Any CPU.Build.0 = Release|Any CPU
		{D9F94B3F-4E06-4755-A96A-105D73D93CE4}.Debug|Any CPU.ActiveCfg = Debug|Any CPU
		{D9F94B3F-4E06-4755-A96A-105D73D93CE4}.Debug|Any CPU.Build.0 = Debug|Any CPU
		{D9F94B3F-4E06-4755-A96A-105D73D93CE4}.Release|Any CPU.ActiveCfg = Release|Any CPU
		{D9F94B3F-4E06-4755-A96A-105D73D93CE4}.Release|Any CPU.Build.0 = Release|Any CPU
		{4685A263-0C8B-46FA-AFA1-F571064EA01A}.Debug|Any CPU.ActiveCfg = Debug|Any CPU
		{4685A263-0C8B-46FA-AFA1-F571064EA01A}.Debug|Any CPU.Build.0 = Debug|Any CPU
		{4685A263-0C8B-46FA-AFA1-F571064EA01A}.Release|Any CPU.ActiveCfg = Release|Any CPU
		{4685A263-0C8B-46FA-AFA1-F571064EA01A}.Release|Any CPU.Build.0 = Release|Any CPU
		{8CC1C14B-6C42-42D3-BFCE-E15D23D65378}.Debug|Any CPU.ActiveCfg = Debug|Any CPU
		{8CC1C14B-6C42-42D3-BFCE-E15D23D65378}.Debug|Any CPU.Build.0 = Debug|Any CPU
		{8CC1C14B-6C42-42D3-BFCE-E15D23D65378}.Release|Any CPU.ActiveCfg = Release|Any CPU
		{8CC1C14B-6C42-42D3-BFCE-E15D23D65378}.Release|Any CPU.Build.0 = Release|Any CPU
		{6A534C34-1666-42D0-8A9E-938D60CB6499}.Debug|Any CPU.ActiveCfg = Debug|Any CPU
		{6A534C34-1666-42D0-8A9E-938D60CB6499}.Debug|Any CPU.Build.0 = Debug|Any CPU
		{6A534C34-1666-42D0-8A9E-938D60CB6499}.Release|Any CPU.ActiveCfg = Release|Any CPU
		{6A534C34-1666-42D0-8A9E-938D60CB6499}.Release|Any CPU.Build.0 = Release|Any CPU
	EndGlobalSection
	GlobalSection(SolutionProperties) = preSolution
		HideSolutionNode = FALSE
	EndGlobalSection
	GlobalSection(NestedProjects) = preSolution
		{EC6EE7B7-A428-4A5C-BE4F-B3A21DEA7F11} = {5542EDA1-AF4A-41B8-920B-F39083C37DCB}
		{CF6EA65B-BD23-48A5-A77C-15CE3D9463BB} = {B606814E-EE0D-48CD-8737-CA2CFEAB40FD}
		{224D95AE-530E-45DE-948F-F862980E5202} = {A4341F8D-7FF1-4618-A14E-19C4ACD23207}
		{690DFD76-AEF9-4140-8752-F7E3A3C66F0E} = {224D95AE-530E-45DE-948F-F862980E5202}
		{D503A6CD-03FF-41C2-A2B9-D7881BA2691D} = {CF6EA65B-BD23-48A5-A77C-15CE3D9463BB}
		{A5FED3D4-3A84-4BCC-9054-0C7B812DFF9A} = {A4341F8D-7FF1-4618-A14E-19C4ACD23207}
		{2A35067B-8A4B-49BD-AB29-952997B6FD69} = {A5FED3D4-3A84-4BCC-9054-0C7B812DFF9A}
		{24C598A5-B614-4C02-81B7-838A78310496} = {CF6EA65B-BD23-48A5-A77C-15CE3D9463BB}
		{7BE27A7B-55E0-48A0-BE86-37A31503F97D} = {A4341F8D-7FF1-4618-A14E-19C4ACD23207}
		{948C8370-A1BE-415E-89EB-DACF717E117D} = {A5FED3D4-3A84-4BCC-9054-0C7B812DFF9A}
		{1FF3782C-A00F-4A6F-A9DF-E06D136EBB29} = {A5FED3D4-3A84-4BCC-9054-0C7B812DFF9A}
		{D9F94B3F-4E06-4755-A96A-105D73D93CE4} = {7BE27A7B-55E0-48A0-BE86-37A31503F97D}
		{4685A263-0C8B-46FA-AFA1-F571064EA01A} = {7BE27A7B-55E0-48A0-BE86-37A31503F97D}
		{8CC1C14B-6C42-42D3-BFCE-E15D23D65378} = {6F0AD75E-E30B-40A3-922F-8383F3356FCF}
		{6A534C34-1666-42D0-8A9E-938D60CB6499} = {6F0AD75E-E30B-40A3-922F-8383F3356FCF}
	EndGlobalSection
	GlobalSection(ExtensibilityGlobals) = postSolution
		SolutionGuid = {30B863EB-EC37-45C0-90CB-870A67017263}
	EndGlobalSection
EndGlobal
